
Microsoft Visual Studio Solution File, Format Version 12.00
# Visual Studio 14
VisualStudioVersion = 14.0.25123.0
MinimumVisualStudioVersion = 10.0.40219.1
Project("{FAE04EC0-301F-11D3-BF4B-00C04F79EFBC}") = "MiaShop.Common", "MiaShop.Common\MiaShop.Common.csproj", "{8E5D0092-5B5E-4102-A8DC-93F86DA74FAF}"
EndProject
Project("{FAE04EC0-301F-11D3-BF4B-00C04F79EFBC}") = "MiaShop.Data", "MiaShop.Data\MiaShop.Data.csproj", "{DDE2CFED-5012-435A-8028-8067690F4672}"
EndProject
Project("{FAE04EC0-301F-11D3-BF4B-00C04F79EFBC}") = "MiaShop.Model", "MiaShop.Model\MiaShop.Model.csproj", "{E31A2EB2-C2A9-4C57-B4A7-C85577E9E31F}"
EndProject
Project("{FAE04EC0-301F-11D3-BF4B-00C04F79EFBC}") = "MiaShop.UnitTest", "MiaShop.UnitTest\MiaShop.UnitTest.csproj", "{7C602C91-B49C-475E-9820-8CF9217E522A}"
EndProject
Project("{FAE04EC0-301F-11D3-BF4B-00C04F79EFBC}") = "MiaShop.Web", "MiaShop.Web\MiaShop.Web.csproj", "{A77DEEEA-C7AB-4CD9-9369-62AA1781FA7B}"
EndProject
Project("{FAE04EC0-301F-11D3-BF4B-00C04F79EFBC}") = "MiaShop.Service", "MiaShop.Service\MiaShop.Service.csproj", "{C56D930A-26F6-4913-9AD6-AB496D349DFA}"
EndProject
Global
	GlobalSection(SolutionConfigurationPlatforms) = preSolution
		Debug|Any CPU = Debug|Any CPU
		Release|Any CPU = Release|Any CPU
	EndGlobalSection
	GlobalSection(ProjectConfigurationPlatforms) = postSolution
		{8E5D0092-5B5E-4102-A8DC-93F86DA74FAF}.Debug|Any CPU.ActiveCfg = Debug|Any CPU
		{8E5D0092-5B5E-4102-A8DC-93F86DA74FAF}.Debug|Any CPU.Build.0 = Debug|Any CPU
		{8E5D0092-5B5E-4102-A8DC-93F86DA74FAF}.Release|Any CPU.ActiveCfg = Release|Any CPU
		{8E5D0092-5B5E-4102-A8DC-93F86DA74FAF}.Release|Any CPU.Build.0 = Release|Any CPU
		{DDE2CFED-5012-435A-8028-8067690F4672}.Debug|Any CPU.ActiveCfg = Debug|Any CPU
		{DDE2CFED-5012-435A-8028-8067690F4672}.Debug|Any CPU.Build.0 = Debug|Any CPU
		{DDE2CFED-5012-435A-8028-8067690F4672}.Release|Any CPU.ActiveCfg = Release|Any CPU
		{DDE2CFED-5012-435A-8028-8067690F4672}.Release|Any CPU.Build.0 = Release|Any CPU
		{E31A2EB2-C2A9-4C57-B4A7-C85577E9E31F}.Debug|Any CPU.ActiveCfg = Debug|Any CPU
		{E31A2EB2-C2A9-4C57-B4A7-C85577E9E31F}.Debug|Any CPU.Build.0 = Debug|Any CPU
		{E31A2EB2-C2A9-4C57-B4A7-C85577E9E31F}.Release|Any CPU.ActiveCfg = Release|Any CPU
		{E31A2EB2-C2A9-4C57-B4A7-C85577E9E31F}.Release|Any CPU.Build.0 = Release|Any CPU
		{7C602C91-B49C-475E-9820-8CF9217E522A}.Debug|Any CPU.ActiveCfg = Debug|Any CPU
		{7C602C91-B49C-475E-9820-8CF9217E522A}.Debug|Any CPU.Build.0 = Debug|Any CPU
		{7C602C91-B49C-475E-9820-8CF9217E522A}.Release|Any CPU.ActiveCfg = Release|Any CPU
		{7C602C91-B49C-475E-9820-8CF9217E522A}.Release|Any CPU.Build.0 = Release|Any CPU
		{A77DEEEA-C7AB-4CD9-9369-62AA1781FA7B}.Debug|Any CPU.ActiveCfg = Debug|Any CPU
		{A77DEEEA-C7AB-4CD9-9369-62AA1781FA7B}.Debug|Any CPU.Build.0 = Debug|Any CPU
		{A77DEEEA-C7AB-4CD9-9369-62AA1781FA7B}.Release|Any CPU.ActiveCfg = Release|Any CPU
		{A77DEEEA-C7AB-4CD9-9369-62AA1781FA7B}.Release|Any CPU.Build.0 = Release|Any CPU
		{C56D930A-26F6-4913-9AD6-AB496D349DFA}.Debug|Any CPU.ActiveCfg = Debug|Any CPU
		{C56D930A-26F6-4913-9AD6-AB496D349DFA}.Debug|Any CPU.Build.0 = Debug|Any CPU
		{C56D930A-26F6-4913-9AD6-AB496D349DFA}.Release|Any CPU.ActiveCfg = Release|Any CPU
		{C56D930A-26F6-4913-9AD6-AB496D349DFA}.Release|Any CPU.Build.0 = Release|Any CPU
	EndGlobalSection
	GlobalSection(SolutionProperties) = preSolution
		HideSolutionNode = FALSE
	EndGlobalSection
EndGlobal
